<?xml version="1.0" encoding="utf-8"?>
<Project ToolsVersion="4.0" xmlns="http://schemas.microsoft.com/developer/msbuild/2003">
  <ItemGroup>
    <Filter Include="Source Files">
      <UniqueIdentifier>{4FC737F1-C7A5-4376-A066-2A32D752A2FF}</UniqueIdentifier>
      <Extensions>cpp;c;cc;cxx;def;odl;idl;hpj;bat;asm;asmx</Extensions>
    </Filter>
    <Filter Include="Header Files">
      <UniqueIdentifier>{93995380-89BD-4b04-88EB-625FBE52EBFB}</UniqueIdentifier>
      <Extensions>h;hh;hpp;hxx;hm;inl;inc;xsd</Extensions>
    </Filter>
    <Filter Include="Resource Files">
      <UniqueIdentifier>{67DA6AB6-F800-4c08-8B7A-83BB121AAD01}</UniqueIdentifier>
      <Extensions>rc;ico;cur;bmp;dlg;rc2;rct;bin;rgs;gif;jpg;jpeg;jpe;resx;tiff;tif;png;wav;mfcribbon-ms</Extensions>
    </Filter>
    <Filter Include="Source Files\Win32">
      <UniqueIdentifier>{be14c291-3406-449d-93ee-d8de5626b724}</UniqueIdentifier>
    </Filter>
  </ItemGroup>
  <ItemGroup>
    <ClCompile Include="main.cpp">
      <Filter>Source Files</Filter>
    </ClCompile>
    <ClCompile Include="win32\Win32Window.cpp">
      <Filter>Source Files</Filter>
    </ClCompile>
    <ClCompile Include="opengl\GL.cpp">
      <Filter>Source Files</Filter>
    </ClCompile>
    <ClCompile Include="time\Timer.cpp">
      <Filter>Source Files</Filter>
    </ClCompile>
    <ClCompile Include="opengl\GLBatch.cpp">
      <Filter>Source Files</Filter>
    </ClCompile>
    <ClCompile Include="opengl\GLGraphics2D.cpp">
      <Filter>Source Files</Filter>
    </ClCompile>
    <ClCompile Include="opengl\GLShader.cpp">
      <Filter>Source Files</Filter>
    </ClCompile>
    <ClCompile Include="opengl\GLShaderProgram.cpp">
      <Filter>Source Files</Filter>
    </ClCompile>
    <ClCompile Include="opengl\GLTexture.cpp">
      <Filter>Source Files</Filter>
    </ClCompile>
    <ClCompile Include="opengl\GLVertexBufferObject.cpp">
      <Filter>Source Files</Filter>
    </ClCompile>
    <ClCompile Include="graphics\Image.cpp">
      <Filter>Source Files</Filter>
    </ClCompile>
    <ClCompile Include="math\Curve.cpp">
      <Filter>Source Files</Filter>
    </ClCompile>
    <ClCompile Include="math\Matrix2.cpp">
      <Filter>Source Files</Filter>
    </ClCompile>
    <ClCompile Include="math\Matrix3.cpp">
      <Filter>Source Files</Filter>
    </ClCompile>
    <ClCompile Include="math\Matrix4.cpp">
      <Filter>Source Files</Filter>
    </ClCompile>
    <ClCompile Include="graphics\Sprite.cpp">
      <Filter>Source Files</Filter>
    </ClCompile>
  </ItemGroup>
  <ItemGroup>
    <ClInclude Include="win32\Win32Window.h">
      <Filter>Source Files\Win32</Filter>
    </ClInclude>
    <ClInclude Include="opengl\GL.h">
      <Filter>Header Files</Filter>
    </ClInclude>
    <ClInclude Include="graphics\Window.h">
      <Filter>Source Files</Filter>
    </ClInclude>
    <ClInclude Include="time\Timer.h">
      <Filter>Header Files</Filter>
    </ClInclude>
    <ClInclude Include="opengl\GLBatch.h">
      <Filter>Header Files</Filter>
    </ClInclude>
    <ClInclude Include="opengl\GLGraphics2D.h">
      <Filter>Header Files</Filter>
    </ClInclude>
    <ClInclude Include="opengl\GLShader.h">
      <Filter>Header Files</Filter>
    </ClInclude>
    <ClInclude Include="opengl\GLShaderProgram.h">
      <Filter>Header Files</Filter>
    </ClInclude>
    <ClInclude Include="opengl\GLVertexBufferObject.h">
      <Filter>Header Files</Filter>
    </ClInclude>
    <ClInclude Include="opengl\GLTexture.h">
      <Filter>Header Files</Filter>
    </ClInclude>
    <ClInclude Include="graphics\Texture.h">
      <Filter>Header Files</Filter>
    </ClInclude>
    <ClInclude Include="graphics\Image.h">
      <Filter>Header Files</Filter>
    </ClInclude>
    <ClInclude Include="math\Circle.h">
      <Filter>Header Files</Filter>
    </ClInclude>
    <ClInclude Include="math\collision.h">
      <Filter>Header Files</Filter>
    </ClInclude>
    <ClInclude Include="math\CollisionResult.h">
      <Filter>Header Files</Filter>
    </ClInclude>
    <ClInclude Include="math\Cuboid.h">
      <Filter>Header Files</Filter>
    </ClInclude>
    <ClInclude Include="math\Curve.h">
      <Filter>Header Files</Filter>
    </ClInclude>
    <ClInclude Include="math\Defines.h">
      <Filter>Header Files</Filter>
    </ClInclude>
    <ClInclude Include="math\epsilon.h">
      <Filter>Header Files</Filter>
    </ClInclude>
    <ClInclude Include="math\Line2.h">
      <Filter>Header Files</Filter>
    </ClInclude>
    <ClInclude Include="math\Line3.h">
      <Filter>Header Files</Filter>
    </ClInclude>
    <ClInclude Include="math\math.h">
      <Filter>Header Files</Filter>
    </ClInclude>
    <ClInclude Include="math\Matrix2.h">
      <Filter>Header Files</Filter>
    </ClInclude>
    <ClInclude Include="math\Matrix3.h">
      <Filter>Header Files</Filter>
    </ClInclude>
    <ClInclude Include="math\Matrix4.h">
      <Filter>Header Files</Filter>
    </ClInclude>
    <ClInclude Include="math\Plane.h">
      <Filter>Header Files</Filter>
    </ClInclude>
    <ClInclude Include="math\precision.h">
      <Filter>Header Files</Filter>
    </ClInclude>
    <ClInclude Include="math\Quaternion.h">
      <Filter>Header Files</Filter>
    </ClInclude>
    <ClInclude Include="math\Rectangle.h">
      <Filter>Header Files</Filter>
    </ClInclude>
    <ClInclude Include="math\sorting.h">
      <Filter>Header Files</Filter>
    </ClInclude>
    <ClInclude Include="math\Sphere.h">
      <Filter>Header Files</Filter>
    </ClInclude>
    <ClInclude Include="math\Tetrahedron.h">
      <Filter>Header Files</Filter>
    </ClInclude>
    <ClInclude Include="math\Triangle2.h">
      <Filter>Header Files</Filter>
    </ClInclude>
    <ClInclude Include="math\Triangle3.h">
      <Filter>Header Files</Filter>
    </ClInclude>
    <ClInclude Include="math\Vector2.h">
      <Filter>Header Files</Filter>
    </ClInclude>
    <ClInclude Include="math\Vector3.h">
      <Filter>Header Files</Filter>
    </ClInclude>
    <ClInclude Include="math\Vector4.h">
      <Filter>Header Files</Filter>
    </ClInclude>
    <ClInclude Include="graphics\Font.h">
      <Filter>Header Files</Filter>
    </ClInclude>
    <ClInclude Include="graphics\Graphics2D.h">
      <Filter>Header Files</Filter>
    </ClInclude>
    <ClInclude Include="graphics\Paint.h">
      <Filter>Header Files</Filter>
    </ClInclude>
    <ClInclude Include="graphics\Sprite.h">
      <Filter>Header Files</Filter>
    </ClInclude>
  </ItemGroup>
</Project>