<?xml version="1.0" encoding="utf-8"?>
<Project ToolsVersion="4.0" xmlns="http://schemas.microsoft.com/developer/msbuild/2003">
  <ItemGroup>
    <ClCompile Include="src\game\Tilemap.cpp" />
    <ClCompile Include="src\graphics\Animation.cpp" />
    <ClCompile Include="src\graphics\AnimationController.cpp" />
    <ClCompile Include="src\graphics\Font.cpp" />
    <ClCompile Include="src\graphics\FontUtils.cpp" />
    <ClCompile Include="src\graphics\Graphics2D.cpp" />
    <ClCompile Include="src\input\Gamepad.cpp" />
    <ClCompile Include="src\input\InputManager.cpp" />
    <ClCompile Include="src\console\Console.cpp" />
    <ClCompile Include="src\game\Entity.cpp" />
    <ClCompile Include="src\game\Scene.cpp" />
    <ClCompile Include="src\graphics\Camera2D.cpp" />
    <ClCompile Include="src\graphics\Image.cpp" />
    <ClCompile Include="src\graphics\Paint.cpp" />
    <ClCompile Include="src\graphics\Sprite.cpp" />
    <ClCompile Include="src\input\InputEvent.cpp" />
    <ClCompile Include="src\math\Curve.cpp" />
    <ClCompile Include="src\math\Matrix2.cpp" />
    <ClCompile Include="src\math\Matrix3.cpp" />
    <ClCompile Include="src\math\Matrix4.cpp" />
    <ClCompile Include="src\opengl\GL.cpp" />
    <ClCompile Include="src\opengl\GLBatch.cpp" />
    <ClCompile Include="src\opengl\GLGraphics2D.cpp" />
    <ClCompile Include="src\opengl\GLShader.cpp" />
    <ClCompile Include="src\opengl\GLShaderProgram.cpp" />
    <ClCompile Include="src\opengl\GLSurface.cpp" />
    <ClCompile Include="src\opengl\GLTexture.cpp" />
    <ClCompile Include="src\opengl\GLVertexBufferObject.cpp" />
    <ClCompile Include="src\game\SceneLoader.cpp" />
    <ClCompile Include="src\time\Timer.cpp" />
    <ClCompile Include="src\ui\ApryxUI.cpp" />
    <ClCompile Include="src\ui\Button.cpp" />
    <ClCompile Include="src\ui\LinearLayout.cpp" />
    <ClCompile Include="src\win32\Win32Context.cpp" />
    <ClCompile Include="src\win32\Win32Timer.cpp" />
    <ClCompile Include="src\win32\Win32Window.cpp" />
    <ClCompile Include="src\ecs\EntityComponentSystem.cpp" />
    <ClCompile Include="src\ecs\Component.cpp" />
    <ClCompile Include="src\ui\UIComponent.cpp" />
    <ClCompile Include="src\ui\Label.cpp" />
  </ItemGroup>
  <ItemGroup>
    <ClInclude Include="src\application\Application.h" />
    <ClInclude Include="src\application\EntryPoint.h" />
    <ClInclude Include="src\game\Tilemap.h" />
    <ClInclude Include="src\graphics\Animation.h" />
    <ClInclude Include="src\graphics\AnimationController.h" />
    <ClInclude Include="src\graphics\FontUtils.h" />
    <ClInclude Include="src\input\Gamepad.h" />
    <ClInclude Include="src\input\InputManager.h" />
    <ClInclude Include="src\console\Console.h" />
    <ClInclude Include="src\game\Game.h" />
    <ClInclude Include="src\game\Scene.h" />
    <ClInclude Include="src\graphics\Camera.h" />
    <ClInclude Include="src\graphics\Camera2D.h" />
    <ClInclude Include="src\graphics\Font.h" />
    <ClInclude Include="src\graphics\Graphics2D.h" />
    <ClInclude Include="src\graphics\Image.h" />
    <ClInclude Include="src\graphics\Paint.h" />
    <ClInclude Include="src\graphics\Sprite.h" />
    <ClInclude Include="src\graphics\Surface.h" />
    <ClInclude Include="src\graphics\Texture.h" />
    <ClInclude Include="src\input\InputEvent.h" />
    <ClInclude Include="src\math\Circle.h" />
    <ClInclude Include="src\math\collision.h" />
    <ClInclude Include="src\math\Cuboid.h" />
    <ClInclude Include="src\math\Curve.h" />
    <ClInclude Include="src\math\Defines.h" />
    <ClInclude Include="src\math\epsilon.h" />
    <ClInclude Include="src\math\math.h" />
    <ClInclude Include="src\math\Matrix2.h" />
    <ClInclude Include="src\math\Matrix3.h" />
    <ClInclude Include="src\math\Matrix4.h" />
    <ClInclude Include="src\math\Plane.h" />
    <ClInclude Include="src\math\precision.h" />
    <ClInclude Include="src\math\Quaternion.h" />
    <ClInclude Include="src\math\Rectangle.h" />
    <ClInclude Include="src\math\sorting.h" />
    <ClInclude Include="src\math\Sphere.h" />
    <ClInclude Include="src\math\Tetrahedron.h" />
    <ClInclude Include="src\math\Triangle2.h" />
    <ClInclude Include="src\math\Triangle3.h" />
    <ClInclude Include="src\math\Vector2.h" />
    <ClInclude Include="src\math\Vector3.h" />
    <ClInclude Include="src\math\Vector4.h" />
    <ClInclude Include="src\opengl\GL.h" />
    <ClInclude Include="src\opengl\GLBatch.h" />
    <ClInclude Include="src\opengl\GLGraphics2D.h" />
    <ClInclude Include="src\opengl\GLShader.h" />
    <ClInclude Include="src\opengl\GLShaderProgram.h" />
    <ClInclude Include="src\opengl\GLSurface.h" />
    <ClInclude Include="src\opengl\GLTexture.h" />
    <ClInclude Include="src\opengl\GLVertexBufferObject.h" />
    <ClInclude Include="src\resources\Context.h" />
    <ClInclude Include="src\game\Entity.h" />
    <ClInclude Include="src\game\SceneLoader.h" />
    <ClInclude Include="src\time\Timer.h" />
    <ClInclude Include="src\ui\ApryxUI.h" />
    <ClInclude Include="src\ui\Button.h" />
    <ClInclude Include="src\ui\LayoutParams.h" />
    <ClInclude Include="src\ui\LinearLayout.h" />
    <ClInclude Include="src\win32\stb_image.h" />
    <ClInclude Include="src\win32\stb_true_type.h" />
    <ClInclude Include="src\win32\wglext.h" />
    <ClInclude Include="src\win32\Win32Context.h" />
    <ClInclude Include="src\win32\Win32Timer.h" />
    <ClInclude Include="src\win32\Win32Window.h" />
    <ClInclude Include="src\graphics\Window.h" />
    <ClInclude Include="src\ecs\Component.h" />
    <ClInclude Include="src\ecs\Entity.h" />
    <ClInclude Include="src\ecs\EntityComponentSystem.h" />
    <ClInclude Include="src\ecs\System.h" />
    <ClInclude Include="src\ui\UIComponent.h" />
    <ClInclude Include="src\math\LineSegment2.h" />
    <ClInclude Include="src\math\LineSegment3.h" />
    <ClInclude Include="src\math\Line2.h" />
    <ClInclude Include="src\ui\Label.h" />
  </ItemGroup>
</Project>